dependencies:
  chill-sam/ssd1306:
    component_hash: 6be33faa92d913d198ef61f70d58708c4cebd5c93e74cf3e2a43446877cf04f6
    dependencies:
    - name: idf
      require: private
      version: '>=5.3'
    source:
      registry_url: https://components.espressif.com/
      type: service
    targets:
    - esp32
    - esp32s2
    - esp32s3
    - esp32c3
    version: 1.1.2
  idf:
    source:
      type: idf
    version: 5.5.3
direct_dependencies:
- chill-sam/ssd1306
manifest_hash: 4126ebc18ecbed52d13096f7b47968ab85b2b9bace6e9eddea2d197efb561e9b
target: esp32
version: 2.0.0
